
Microsoft Visual Studio Solution File, Format Version 12.00
# Visual Studio Version 16
VisualStudioVersion = 16.0.30406.217
MinimumVisualStudioVersion = 10.0.40219.1
Project("{F184B08F-C81C-45F6-A57F-5ABD9991F28F}") = "Sistema _de_alunos", "Sistema _de_alunos\Sistema _de_alunos.vbproj", "{63CAD586-E2C4-47B5-BED6-327C6CFF6764}"
EndProject
Global
	GlobalSection(SolutionConfigurationPlatforms) = preSolution
		Debug|Any CPU = Debug|Any CPU
		Release|Any CPU = Release|Any CPU
	EndGlobalSection
	GlobalSection(ProjectConfigurationPlatforms) = postSolution
		{63CAD586-E2C4-47B5-BED6-327C6CFF6764}.Debug|Any CPU.ActiveCfg = Debug|Any CPU
		{63CAD586-E2C4-47B5-BED6-327C6CFF6764}.Debug|Any CPU.Build.0 = Debug|Any CPU
		{63CAD586-E2C4-47B5-BED6-327C6CFF6764}.Release|Any CPU.ActiveCfg = Release|Any CPU
		{63CAD586-E2C4-47B5-BED6-327C6CFF6764}.Release|Any CPU.Build.0 = Release|Any CPU
	EndGlobalSection
	GlobalSection(SolutionProperties) = preSolution
		HideSolutionNode = FALSE
	EndGlobalSection
	GlobalSection(ExtensibilityGlobals) = postSolution
		SolutionGuid = {5659C75D-4617-45B2-B75B-1EE270421BA3}
	EndGlobalSection
EndGlobal
